// !$*UTF8*$!
{
	archiveVersion = 1;
	classes = {
	};
	objectVersion = 55;
	objects = {

/* Begin PBXBuildFile section */
		913339EA27CDB9A4001B6D7B /* SettingsApp.swift in Sources */ = {isa = PBXBuildFile; fileRef = 913339E927CDB9A4001B6D7B /* SettingsApp.swift */; };
		913339EC27CDB9A4001B6D7B /* ContentView.swift in Sources */ = {isa = PBXBuildFile; fileRef = 913339EB27CDB9A4001B6D7B /* ContentView.swift */; };
		913339EE27CDB9A4001B6D7B /* Assets.xcassets in Resources */ = {isa = PBXBuildFile; fileRef = 913339ED27CDB9A4001B6D7B /* Assets.xcassets */; };
		913339F127CDB9A4001B6D7B /* Preview Assets.xcassets in Resources */ = {isa = PBXBuildFile; fileRef = 913339F027CDB9A4001B6D7B /* Preview Assets.xcassets */; };
		913339FB27CDB9A4001B6D7B /* SettingsTests.swift in Sources */ = {isa = PBXBuildFile; fileRef = 913339FA27CDB9A4001B6D7B /* SettingsTests.swift */; };
		91333A0527CDB9A4001B6D7B /* SettingsUITests.swift in Sources */ = {isa = PBXBuildFile; fileRef = 91333A0427CDB9A4001B6D7B /* SettingsUITests.swift */; };
		91333A0727CDB9A4001B6D7B /* SettingsUITestsLaunchTests.swift in Sources */ = {isa = PBXBuildFile; fileRef = 91333A0627CDB9A4001B6D7B /* SettingsUITestsLaunchTests.swift */; };
		91333A1427CDBE2C001B6D7B /* SettingsCell.swift in Sources */ = {isa = PBXBuildFile; fileRef = 91333A1327CDBE2C001B6D7B /* SettingsCell.swift */; };
/* End PBXBuildFile section */

/* Begin PBXContainerItemProxy section */
		913339F727CDB9A4001B6D7B /* PBXContainerItemProxy */ = {
			isa = PBXContainerItemProxy;
			containerPortal = 913339DE27CDB9A4001B6D7B /* Project object */;
			proxyType = 1;
			remoteGlobalIDString = 913339E527CDB9A4001B6D7B;
			remoteInfo = Settings;
		};
		91333A0127CDB9A4001B6D7B /* PBXContainerItemProxy */ = {
			isa = PBXContainerItemProxy;
			containerPortal = 913339DE27CDB9A4001B6D7B /* Project object */;
			proxyType = 1;
			remoteGlobalIDString = 913339E527CDB9A4001B6D7B;
			remoteInfo = Settings;
		};
/* End PBXContainerItemProxy section */

/* Begin PBXFileReference section */
		913339E627CDB9A4001B6D7B /* Settings.app */ = {isa = PBXFileReference; explicitFileType = wrapper.application; includeInIndex = 0; path = Settings.app; sourceTree = BUILT_PRODUCTS_DIR; };
		913339E927CDB9A4001B6D7B /* SettingsApp.swift */ = {isa = PBXFileReference; lastKnownFileType = sourcecode.swift; path = SettingsApp.swift; sourceTree = "<group>"; };
		913339EB27CDB9A4001B6D7B /* ContentView.swift */ = {isa = PBXFileReference; lastKnownFileType = sourcecode.swift; path = ContentView.swift; sourceTree = "<group>"; };
		913339ED27CDB9A4001B6D7B /* Assets.xcassets */ = {isa = PBXFileReference; lastKnownFileType = folder.assetcatalog; path = Assets.xcassets; sourceTree = "<group>"; };
		913339F027CDB9A4001B6D7B /* Preview Assets.xcassets */ = {isa = PBXFileReference; lastKnownFileType = folder.assetcatalog; path = "Preview Assets.xcassets"; sourceTree = "<group>"; };
		913339F627CDB9A4001B6D7B /* SettingsTests.xctest */ = {isa = PBXFileReference; explicitFileType = wrapper.cfbundle; includeInIndex = 0; path = SettingsTests.xctest; sourceTree = BUILT_PRODUCTS_DIR; };
		913339FA27CDB9A4001B6D7B /* SettingsTests.swift */ = {isa = PBXFileReference; lastKnownFileType = sourcecode.swift; path = SettingsTests.swift; sourceTree = "<group>"; };
		91333A0027CDB9A4001B6D7B /* SettingsUITests.xctest */ = {isa = PBXFileReference; explicitFileType = wrapper.cfbundle; includeInIndex = 0; path = SettingsUITests.xctest; sourceTree = BUILT_PRODUCTS_DIR; };
		91333A0427CDB9A4001B6D7B /* SettingsUITests.swift */ = {isa = PBXFileReference; lastKnownFileType = sourcecode.swift; path = SettingsUITests.swift; sourceTree = "<group>"; };
		91333A0627CDB9A4001B6D7B /* SettingsUITestsLaunchTests.swift */ = {isa = PBXFileReference; lastKnownFileType = sourcecode.swift; path = SettingsUITestsLaunchTests.swift; sourceTree = "<group>"; };
		91333A1327CDBE2C001B6D7B /* SettingsCell.swift */ = {isa = PBXFileReference; lastKnownFileType = sourcecode.swift; path = SettingsCell.swift; sourceTree = "<group>"; };
/* End PBXFileReference section */

/* Begin PBXFrameworksBuildPhase section */
		913339E327CDB9A4001B6D7B /* Frameworks */ = {
			isa = PBXFrameworksBuildPhase;
			buildActionMask = 2147483647;
			files = (
			);
			runOnlyForDeploymentPostprocessing = 0;
		};
		913339F327CDB9A4001B6D7B /* Frameworks */ = {
			isa = PBXFrameworksBuildPhase;
			buildActionMask = 2147483647;
			files = (
			);
			runOnlyForDeploymentPostprocessing = 0;
		};
		913339FD27CDB9A4001B6D7B /* Frameworks */ = {
			isa = PBXFrameworksBuildPhase;
			buildActionMask = 2147483647;
			files = (
			);
			runOnlyForDeploymentPostprocessing = 0;
		};
/* End PBXFrameworksBuildPhase section */

/* Begin PBXGroup section */
		913339DD27CDB9A4001B6D7B = {
			isa = PBXGroup;
			children = (
				913339E827CDB9A4001B6D7B /* Settings */,
				913339F927CDB9A4001B6D7B /* SettingsTests */,
				91333A0327CDB9A4001B6D7B /* SettingsUITests */,
				913339E727CDB9A4001B6D7B /* Products */,
			);
			sourceTree = "<group>";
		};
		913339E727CDB9A4001B6D7B /* Products */ = {
			isa = PBXGroup;
			children = (
				913339E627CDB9A4001B6D7B /* Settings.app */,
				913339F627CDB9A4001B6D7B /* SettingsTests.xctest */,
				91333A0027CDB9A4001B6D7B /* SettingsUITests.xctest */,
			);
			name = Products;
			sourceTree = "<group>";
		};
		913339E827CDB9A4001B6D7B /* Settings */ = {
			isa = PBXGroup;
			children = (
				913339E927CDB9A4001B6D7B /* SettingsApp.swift */,
				913339EB27CDB9A4001B6D7B /* ContentView.swift */,
				91333A1327CDBE2C001B6D7B /* SettingsCell.swift */,
				913339ED27CDB9A4001B6D7B /* Assets.xcassets */,
				913339EF27CDB9A4001B6D7B /* Preview Content */,
			);
			path = Settings;
			sourceTree = "<group>";
		};
		913339EF27CDB9A4001B6D7B /* Preview Content */ = {
			isa = PBXGroup;
			children = (
				913339F027CDB9A4001B6D7B /* Preview Assets.xcassets */,
			);
			path = "Preview Content";
			sourceTree = "<group>";
		};
		913339F927CDB9A4001B6D7B /* SettingsTests */ = {
			isa = PBXGroup;
			children = (
				913339FA27CDB9A4001B6D7B /* SettingsTests.swift */,
			);
			path = SettingsTests;
			sourceTree = "<group>";
		};
		91333A0327CDB9A4001B6D7B /* SettingsUITests */ = {
			isa = PBXGroup;
			children = (
				91333A0427CDB9A4001B6D7B /* SettingsUITests.swift */,
				91333A0627CDB9A4001B6D7B /* SettingsUITestsLaunchTests.swift */,
			);
			path = SettingsUITests;
			sourceTree = "<group>";
		};
/* End PBXGroup section */

/* Begin PBXNativeTarget section */
		913339E527CDB9A4001B6D7B /* Settings */ = {
			isa = PBXNativeTarget;
			buildConfigurationList = 91333A0A27CDB9A4001B6D7B /* Build configuration list for PBXNativeTarget "Settings" */;
			buildPhases = (
				913339E227CDB9A4001B6D7B /* Sources */,
				913339E327CDB9A4001B6D7B /* Frameworks */,
				913339E427CDB9A4001B6D7B /* Resources */,
			);
			buildRules = (
			);
			dependencies = (
			);
			name = Settings;
			productName = Settings;
			productReference = 913339E627CDB9A4001B6D7B /* Settings.app */;
			productType = "com.apple.product-type.application";
		};
		913339F527CDB9A4001B6D7B /* SettingsTests */ = {
			isa = PBXNativeTarget;
			buildConfigurationList = 91333A0D27CDB9A4001B6D7B /* Build configuration list for PBXNativeTarget "SettingsTests" */;
			buildPhases = (
				913339F227CDB9A4001B6D7B /* Sources */,
				913339F327CDB9A4001B6D7B /* Frameworks */,
				913339F427CDB9A4001B6D7B /* Resources */,
			);
			buildRules = (
			);
			dependencies = (
				913339F827CDB9A4001B6D7B /* PBXTargetDependency */,
			);
			name = SettingsTests;
			productName = SettingsTests;
			productReference = 913339F627CDB9A4001B6D7B /* SettingsTests.xctest */;
			productType = "com.apple.product-type.bundle.unit-test";
		};
		913339FF27CDB9A4001B6D7B /* SettingsUITests */ = {
			isa = PBXNativeTarget;
			buildConfigurationList = 91333A1027CDB9A4001B6D7B /* Build configuration list for PBXNativeTarget "SettingsUITests" */;
			buildPhases = (
				913339FC27CDB9A4001B6D7B /* Sources */,
				913339FD27CDB9A4001B6D7B /* Frameworks */,
				913339FE27CDB9A4001B6D7B /* Resources */,
			);
			buildRules = (
			);
			dependencies = (
				91333A0227CDB9A4001B6D7B /* PBXTargetDependency */,
			);
			name = SettingsUITests;
			productName = SettingsUITests;
			productReference = 91333A0027CDB9A4001B6D7B /* SettingsUITests.xctest */;
			productType = "com.apple.product-type.bundle.ui-testing";
		};
/* End PBXNativeTarget section */

/* Begin PBXProject section */
		913339DE27CDB9A4001B6D7B /* Project object */ = {
			isa = PBXProject;
			attributes = {
				BuildIndependentTargetsInParallel = 1;
				LastSwiftUpdateCheck = 1320;
				LastUpgradeCheck = 1320;
				TargetAttributes = {
					913339E527CDB9A4001B6D7B = {
						CreatedOnToolsVersion = 13.2.1;
					};
					913339F527CDB9A4001B6D7B = {
						CreatedOnToolsVersion = 13.2.1;
						TestTargetID = 913339E527CDB9A4001B6D7B;
					};
					913339FF27CDB9A4001B6D7B = {
						CreatedOnToolsVersion = 13.2.1;
						TestTargetID = 913339E527CDB9A4001B6D7B;
					};
				};
			};
			buildConfigurationList = 913339E127CDB9A4001B6D7B /* Build configuration list for PBXProject "Settings" */;
			compatibilityVersion = "Xcode 13.0";
			developmentRegion = en;
			hasScannedForEncodings = 0;
			knownRegions = (
				en,
				Base,
			);
			mainGroup = 913339DD27CDB9A4001B6D7B;
			productRefGroup = 913339E727CDB9A4001B6D7B /* Products */;
			projectDirPath = "";
			projectRoot = "";
			targets = (
				913339E527CDB9A4001B6D7B /* Settings */,
				913339F527CDB9A4001B6D7B /* SettingsTests */,
				913339FF27CDB9A4001B6D7B /* SettingsUITests */,
			);
		};
/* End PBXProject section */

/* Begin PBXResourcesBuildPhase section */
		913339E427CDB9A4001B6D7B /* Resources */ = {
			isa = PBXResourcesBuildPhase;
			buildActionMask = 2147483647;
			files = (
				913339F127CDB9A4001B6D7B /* Preview Assets.xcassets in Resources */,
				913339EE27CDB9A4001B6D7B /* Assets.xcassets in Resources */,
			);
			runOnlyForDeploymentPostprocessing = 0;
		};
		913339F427CDB9A4001B6D7B /* Resources */ = {
			isa = PBXResourcesBuildPhase;
			buildActionMask = 2147483647;
			files = (
			);
			runOnlyForDeploymentPostprocessing = 0;
		};
		913339FE27CDB9A4001B6D7B /* Resources */ = {
			isa = PBXResourcesBuildPhase;
			buildActionMask = 2147483647;
			files = (
			);
			runOnlyForDeploymentPostprocessing = 0;
		};
/* End PBXResourcesBuildPhase section */

/* Begin PBXSourcesBuildPhase section */
		913339E227CDB9A4001B6D7B /* Sources */ = {
			isa = PBXSourcesBuildPhase;
			buildActionMask = 2147483647;
			files = (
				913339EC27CDB9A4001B6D7B /* ContentView.swift in Sources */,
				913339EA27CDB9A4001B6D7B /* SettingsApp.swift in Sources */,
				91333A1427CDBE2C001B6D7B /* SettingsCell.swift in Sources */,
			);
			runOnlyForDeploymentPostprocessing = 0;
		};
		913339F227CDB9A4001B6D7B /* Sources */ = {
			isa = PBXSourcesBuildPhase;
			buildActionMask = 2147483647;
			files = (
				913339FB27CDB9A4001B6D7B /* SettingsTests.swift in Sources */,
			);
			runOnlyForDeploymentPostprocessing = 0;
		};
		913339FC27CDB9A4001B6D7B /* Sources */ = {
			isa = PBXSourcesBuildPhase;
			buildActionMask = 2147483647;
			files = (
				91333A0727CDB9A4001B6D7B /* SettingsUITestsLaunchTests.swift in Sources */,
				91333A0527CDB9A4001B6D7B /* SettingsUITests.swift in Sources */,
			);
			runOnlyForDeploymentPostprocessing = 0;
		};
/* End PBXSourcesBuildPhase section */

/* Begin PBXTargetDependency section */
		913339F827CDB9A4001B6D7B /* PBXTargetDependency */ = {
			isa = PBXTargetDependency;
			target = 913339E527CDB9A4001B6D7B /* Settings */;
			targetProxy = 913339F727CDB9A4001B6D7B /* PBXContainerItemProxy */;
		};
		91333A0227CDB9A4001B6D7B /* PBXTargetDependency */ = {
			isa = PBXTargetDependency;
			target = 913339E527CDB9A4001B6D7B /* Settings */;
			targetProxy = 91333A0127CDB9A4001B6D7B /* PBXContainerItemProxy */;
		};
/* End PBXTargetDependency section */

/* Begin XCBuildConfiguration section */
		91333A0827CDB9A4001B6D7B /* Debug */ = {
			isa = XCBuildConfiguration;
			buildSettings = {
				ALWAYS_SEARCH_USER_PATHS = NO;
				CLANG_ANALYZER_NONNULL = YES;
				CLANG_ANALYZER_NUMBER_OBJECT_CONVERSION = YES_AGGRESSIVE;
				CLANG_CXX_LANGUAGE_STANDARD = "gnu++17";
				CLANG_CXX_LIBRARY = "libc++";
				CLANG_ENABLE_MODULES = YES;
				CLANG_ENABLE_OBJC_ARC = YES;
				CLANG_ENABLE_OBJC_WEAK = YES;
				CLANG_WARN_BLOCK_CAPTURE_AUTORELEASING = YES;
				CLANG_WARN_BOOL_CONVERSION = YES;
				CLANG_WARN_COMMA = YES;
				CLANG_WARN_CONSTANT_CONVERSION = YES;
				CLANG_WARN_DEPRECATED_OBJC_IMPLEMENTATIONS = YES;
				CLANG_WARN_DIRECT_OBJC_ISA_USAGE = YES_ERROR;
				CLANG_WARN_DOCUMENTATION_COMMENTS = YES;
				CLANG_WARN_EMPTY_BODY = YES;
				CLANG_WARN_ENUM_CONVERSION = YES;
				CLANG_WARN_INFINITE_RECURSION = YES;
				CLANG_WARN_INT_CONVERSION = YES;
				CLANG_WARN_NON_LITERAL_NULL_CONVERSION = YES;
				CLANG_WARN_OBJC_IMPLICIT_RETAIN_SELF = YES;
				CLANG_WARN_OBJC_LITERAL_CONVERSION = YES;
				CLANG_WARN_OBJC_ROOT_CLASS = YES_ERROR;
				CLANG_WARN_QUOTED_INCLUDE_IN_FRAMEWORK_HEADER = YES;
				CLANG_WARN_RANGE_LOOP_ANALYSIS = YES;
				CLANG_WARN_STRICT_PROTOTYPES = YES;
				CLANG_WARN_SUSPICIOUS_MOVE = YES;
				CLANG_WARN_UNGUARDED_AVAILABILITY = YES_AGGRESSIVE;
				CLANG_WARN_UNREACHABLE_CODE = YES;
				CLANG_WARN__DUPLICATE_METHOD_MATCH = YES;
				COPY_PHASE_STRIP = NO;
				DEBUG_INFORMATION_FORMAT = dwarf;
				ENABLE_STRICT_OBJC_MSGSEND = YES;
				ENABLE_TESTABILITY = YES;
				GCC_C_LANGUAGE_STANDARD = gnu11;
				GCC_DYNAMIC_NO_PIC = NO;
				GCC_NO_COMMON_BLOCKS = YES;
				GCC_OPTIMIZATION_LEVEL = 0;
				GCC_PREPROCESSOR_DEFINITIONS = (
					"DEBUG=1",
					"$(inherited)",
				);
				GCC_WARN_64_TO_32_BIT_CONVERSION = YES;
				GCC_WARN_ABOUT_RETURN_TYPE = YES_ERROR;
				GCC_WARN_UNDECLARED_SELECTOR = YES;
				GCC_WARN_UNINITIALIZED_AUTOS = YES_AGGRESSIVE;
				GCC_WARN_UNUSED_FUNCTION = YES;
				GCC_WARN_UNUSED_VARIABLE = YES;
				IPHONEOS_DEPLOYMENT_TARGET = 15.2;
				MTL_ENABLE_DEBUG_INFO = INCLUDE_SOURCE;
				MTL_FAST_MATH = YES;
				ONLY_ACTIVE_ARCH = YES;
				SDKROOT = iphoneos;
				SWIFT_ACTIVE_COMPILATION_CONDITIONS = DEBUG;
				SWIFT_OPTIMIZATION_LEVEL = "-Onone";
			};
			name = Debug;
		};
		91333A0927CDB9A4001B6D7B /* Release */ = {
			isa = XCBuildConfiguration;
			buildSettings = {
				ALWAYS_SEARCH_USER_PATHS = NO;
				CLANG_ANALYZER_NONNULL = YES;
				CLANG_ANALYZER_NUMBER_OBJECT_CONVERSION = YES_AGGRESSIVE;
				CLANG_CXX_LANGUAGE_STANDARD = "gnu++17";
				CLANG_CXX_LIBRARY = "libc++";
				CLANG_ENABLE_MODULES = YES;
				CLANG_ENABLE_OBJC_ARC = YES;
				CLANG_ENABLE_OBJC_WEAK = YES;
				CLANG_WARN_BLOCK_CAPTURE_AUTORELEASING = YES;
				CLANG_WARN_BOOL_CONVERSION = YES;
				CLANG_WARN_COMMA = YES;
				CLANG_WARN_CONSTANT_CONVERSION = YES;
				CLANG_WARN_DEPRECATED_OBJC_IMPLEMENTATIONS = YES;
				CLANG_WARN_DIRECT_OBJC_ISA_USAGE = YES_ERROR;
				CLANG_WARN_DOCUMENTATION_COMMENTS = YES;
				CLANG_WARN_EMPTY_BODY = YES;
				CLANG_WARN_ENUM_CONVERSION = YES;
				CLANG_WARN_INFINITE_RECURSION = YES;
				CLANG_WARN_INT_CONVERSION = YES;
				CLANG_WARN_NON_LITERAL_NULL_CONVERSION = YES;
				CLANG_WARN_OBJC_IMPLICIT_RETAIN_SELF = YES;
				CLANG_WARN_OBJC_LITERAL_CONVERSION = YES;
				CLANG_WARN_OBJC_ROOT_CLASS = YES_ERROR;
				CLANG_WARN_QUOTED_INCLUDE_IN_FRAMEWORK_HEADER = YES;
				CLANG_WARN_RANGE_LOOP_ANALYSIS = YES;
				CLANG_WARN_STRICT_PROTOTYPES = YES;
				CLANG_WARN_SUSPICIOUS_MOVE = YES;
				CLANG_WARN_UNGUARDED_AVAILABILITY = YES_AGGRESSIVE;
				CLANG_WARN_UNREACHABLE_CODE = YES;
				CLANG_WARN__DUPLICATE_METHOD_MATCH = YES;
				COPY_PHASE_STRIP = NO;
				DEBUG_INFORMATION_FORMAT = "dwarf-with-dsym";
				ENABLE_NS_ASSERTIONS = NO;
				ENABLE_STRICT_OBJC_MSGSEND = YES;
				GCC_C_LANGUAGE_STANDARD = gnu11;
				GCC_NO_COMMON_BLOCKS = YES;
				GCC_WARN_64_TO_32_BIT_CONVERSION = YES;
				GCC_WARN_ABOUT_RETURN_TYPE = YES_ERROR;
				GCC_WARN_UNDECLARED_SELECTOR = YES;
				GCC_WARN_UNINITIALIZED_AUTOS = YES_AGGRESSIVE;
				GCC_WARN_UNUSED_FUNCTION = YES;
				GCC_WARN_UNUSED_VARIABLE = YES;
				IPHONEOS_DEPLOYMENT_TARGET = 15.2;
				MTL_ENABLE_DEBUG_INFO = NO;
				MTL_FAST_MATH = YES;
				SDKROOT = iphoneos;
				SWIFT_COMPILATION_MODE = wholemodule;
				SWIFT_OPTIMIZATION_LEVEL = "-O";
				VALIDATE_PRODUCT = YES;
			};
			name = Release;
		};
		91333A0B27CDB9A4001B6D7B /* Debug */ = {
			isa = XCBuildConfiguration;
			buildSettings = {
				ASSETCATALOG_COMPILER_APPICON_NAME = AppIcon;
				ASSETCATALOG_COMPILER_GLOBAL_ACCENT_COLOR_NAME = AccentColor;
				CODE_SIGN_STYLE = Automatic;
				CURRENT_PROJECT_VERSION = 1;
				DEVELOPMENT_ASSET_PATHS = "\"Settings/Preview Content\"";
				DEVELOPMENT_TEAM = 65VB6469VL;
				ENABLE_PREVIEWS = YES;
				GENERATE_INFOPLIST_FILE = YES;
				INFOPLIST_KEY_UIApplicationSceneManifest_Generation = YES;
				INFOPLIST_KEY_UIApplicationSupportsIndirectInputEvents = YES;
				INFOPLIST_KEY_UILaunchScreen_Generation = YES;
				INFOPLIST_KEY_UISupportedInterfaceOrientations_iPad = "UIInterfaceOrientationPortrait UIInterfaceOrientationPortraitUpsideDown UIInterfaceOrientationLandscapeLeft UIInterfaceOrientationLandscapeRight";
				INFOPLIST_KEY_UISupportedInterfaceOrientations_iPhone = "UIInterfaceOrientationPortrait UIInterfaceOrientationLandscapeLeft UIInterfaceOrientationLandscapeRight";
				LD_RUNPATH_SEARCH_PATHS = (
					"$(inherited)",
					"@executable_path/Frameworks",
				);
				MARKETING_VERSION = 1.0;
				PRODUCT_BUNDLE_IDENTIFIER = com.Coco.Settings;
				PRODUCT_NAME = "$(TARGET_NAME)";
				SWIFT_EMIT_LOC_STRINGS = YES;
				SWIFT_VERSION = 5.0;
				TARGETED_DEVICE_FAMILY = "1,2";
			};
			name = Debug;
		};
		91333A0C27CDB9A4001B6D7B /* Release */ = {
			isa = XCBuildConfiguration;
			buildSettings = {
				ASSETCATALOG_COMPILER_APPICON_NAME = AppIcon;
				ASSETCATALOG_COMPILER_GLOBAL_ACCENT_COLOR_NAME = AccentColor;
				CODE_SIGN_STYLE = Automatic;
				CURRENT_PROJECT_VERSION = 1;
				DEVELOPMENT_ASSET_PATHS = "\"Settings/Preview Content\"";
				DEVELOPMENT_TEAM = 65VB6469VL;
				ENABLE_PREVIEWS = YES;
				GENERATE_INFOPLIST_FILE = YES;
				INFOPLIST_KEY_UIApplicationSceneManifest_Generation = YES;
				INFOPLIST_KEY_UIApplicationSupportsIndirectInputEvents = YES;
				INFOPLIST_KEY_UILaunchScreen_Generation = YES;
				INFOPLIST_KEY_UISupportedInterfaceOrientations_iPad = "UIInterfaceOrientationPortrait UIInterfaceOrientationPortraitUpsideDown UIInterfaceOrientationLandscapeLeft UIInterfaceOrientationLandscapeRight";
				INFOPLIST_KEY_UISupportedInterfaceOrientations_iPhone = "UIInterfaceOrientationPortrait UIInterfaceOrientationLandscapeLeft UIInterfaceOrientationLandscapeRight";
				LD_RUNPATH_SEARCH_PATHS = (
					"$(inherited)",
					"@executable_path/Frameworks",
				);
				MARKETING_VERSION = 1.0;
				PRODUCT_BUNDLE_IDENTIFIER = com.Coco.Settings;
				PRODUCT_NAME = "$(TARGET_NAME)";
				SWIFT_EMIT_LOC_STRINGS = YES;
				SWIFT_VERSION = 5.0;
				TARGETED_DEVICE_FAMILY = "1,2";
			};
			name = Release;
		};
		91333A0E27CDB9A4001B6D7B /* Debug */ = {
			isa = XCBuildConfiguration;
			buildSettings = {
				ALWAYS_EMBED_SWIFT_STANDARD_LIBRARIES = YES;
				BUNDLE_LOADER = "$(TEST_HOST)";
				CODE_SIGN_STYLE = Automatic;
				CURRENT_PROJECT_VERSION = 1;
				DEVELOPMENT_TEAM = 65VB6469VL;
				GENERATE_INFOPLIST_FILE = YES;
				IPHONEOS_DEPLOYMENT_TARGET = 15.2;
				MARKETING_VERSION = 1.0;
				PRODUCT_BUNDLE_IDENTIFIER = com.Coco.SettingsTests;
				PRODUCT_NAME = "$(TARGET_NAME)";
				SWIFT_EMIT_LOC_STRINGS = NO;
				SWIFT_VERSION = 5.0;
				TARGETED_DEVICE_FAMILY = "1,2";
				TEST_HOST = "$(BUILT_PRODUCTS_DIR)/Settings.app/Settings";
			};
			name = Debug;
		};
		91333A0F27CDB9A4001B6D7B /* Release */ = {
			isa = XCBuildConfiguration;
			buildSettings = {
				ALWAYS_EMBED_SWIFT_STANDARD_LIBRARIES = YES;
				BUNDLE_LOADER = "$(TEST_HOST)";
				CODE_SIGN_STYLE = Automatic;
				CURRENT_PROJECT_VERSION = 1;
				DEVELOPMENT_TEAM = 65VB6469VL;
				GENERATE_INFOPLIST_FILE = YES;
				IPHONEOS_DEPLOYMENT_TARGET = 15.2;
				MARKETING_VERSION = 1.0;
				PRODUCT_BUNDLE_IDENTIFIER = com.Coco.SettingsTests;
				PRODUCT_NAME = "$(TARGET_NAME)";
				SWIFT_EMIT_LOC_STRINGS = NO;
				SWIFT_VERSION = 5.0;
				TARGETED_DEVICE_FAMILY = "1,2";
				TEST_HOST = "$(BUILT_PRODUCTS_DIR)/Settings.app/Settings";
			};
			name = Release;
		};
		91333A1127CDB9A4001B6D7B /* Debug */ = {
			isa = XCBuildConfiguration;
			buildSettings = {
				ALWAYS_EMBED_SWIFT_STANDARD_LIBRARIES = YES;
				CODE_SIGN_STYLE = Automatic;
				CURRENT_PROJECT_VERSION = 1;
				DEVELOPMENT_TEAM = 65VB6469VL;
				GENERATE_INFOPLIST_FILE = YES;
				MARKETING_VERSION = 1.0;
				PRODUCT_BUNDLE_IDENTIFIER = com.Coco.SettingsUITests;
				PRODUCT_NAME = "$(TARGET_NAME)";
				SWIFT_EMIT_LOC_STRINGS = NO;
				SWIFT_VERSION = 5.0;
				TARGETED_DEVICE_FAMILY = "1,2";
				TEST_TARGET_NAME = Settings;
			};
			name = Debug;
		};
		91333A1227CDB9A4001B6D7B /* Release */ = {
			isa = XCBuildConfiguration;
			buildSettings = {
				ALWAYS_EMBED_SWIFT_STANDARD_LIBRARIES = YES;
				CODE_SIGN_STYLE = Automatic;
				CURRENT_PROJECT_VERSION = 1;
				DEVELOPMENT_TEAM = 65VB6469VL;
				GENERATE_INFOPLIST_FILE = YES;
				MARKETING_VERSION = 1.0;
				PRODUCT_BUNDLE_IDENTIFIER = com.Coco.SettingsUITests;
				PRODUCT_NAME = "$(TARGET_NAME)";
				SWIFT_EMIT_LOC_STRINGS = NO;
				SWIFT_VERSION = 5.0;
				TARGETED_DEVICE_FAMILY = "1,2";
				TEST_TARGET_NAME = Settings;
			};
			name = Release;
		};
/* End XCBuildConfiguration section */

/* Begin XCConfigurationList section */
		913339E127CDB9A4001B6D7B /* Build configuration list for PBXProject "Settings" */ = {
			isa = XCConfigurationList;
			buildConfigurations = (
				91333A0827CDB9A4001B6D7B /* Debug */,
				91333A0927CDB9A4001B6D7B /* Release */,
			);
			defaultConfigurationIsVisible = 0;
			defaultConfigurationName = Release;
		};
		91333A0A27CDB9A4001B6D7B /* Build configuration list for PBXNativeTarget "Settings" */ = {
			isa = XCConfigurationList;
			buildConfigurations = (
				91333A0B27CDB9A4001B6D7B /* Debug */,
				91333A0C27CDB9A4001B6D7B /* Release */,
			);
			defaultConfigurationIsVisible = 0;
			defaultConfigurationName = Release;
		};
		91333A0D27CDB9A4001B6D7B /* Build configuration list for PBXNativeTarget "SettingsTests" */ = {
			isa = XCConfigurationList;
			buildConfigurations = (
				91333A0E27CDB9A4001B6D7B /* Debug */,
				91333A0F27CDB9A4001B6D7B /* Release */,
			);
			defaultConfigurationIsVisible = 0;
			defaultConfigurationName = Release;
		};
		91333A1027CDB9A4001B6D7B /* Build configuration list for PBXNativeTarget "SettingsUITests" */ = {
			isa = XCConfigurationList;
			buildConfigurations = (
				91333A1127CDB9A4001B6D7B /* Debug */,
				91333A1227CDB9A4001B6D7B /* Release */,
			);
			defaultConfigurationIsVisible = 0;
			defaultConfigurationName = Release;
		};
/* End XCConfigurationList section */
	};
	rootObject = 913339DE27CDB9A4001B6D7B /* Project object */;
}
