// !$*UTF8*$!
{
	archiveVersion = 1;
	classes = {
	};
	objectVersion = 55;
	objects = {

/* Begin PBXBuildFile section */
		91333A2227D6F56C001B6D7B /* FruitApp.swift in Sources */ = {isa = PBXBuildFile; fileRef = 91333A2127D6F56C001B6D7B /* FruitApp.swift */; };
		91333A2427D6F56C001B6D7B /* ContentView.swift in Sources */ = {isa = PBXBuildFile; fileRef = 91333A2327D6F56C001B6D7B /* ContentView.swift */; };
		91333A2627D6F56E001B6D7B /* Assets.xcassets in Resources */ = {isa = PBXBuildFile; fileRef = 91333A2527D6F56E001B6D7B /* Assets.xcassets */; };
		91333A2927D6F56E001B6D7B /* Preview Assets.xcassets in Resources */ = {isa = PBXBuildFile; fileRef = 91333A2827D6F56E001B6D7B /* Preview Assets.xcassets */; };
		91333A3327D6F56E001B6D7B /* FruitTests.swift in Sources */ = {isa = PBXBuildFile; fileRef = 91333A3227D6F56E001B6D7B /* FruitTests.swift */; };
		91333A3D27D6F56E001B6D7B /* FruitUITests.swift in Sources */ = {isa = PBXBuildFile; fileRef = 91333A3C27D6F56E001B6D7B /* FruitUITests.swift */; };
		91333A3F27D6F56E001B6D7B /* FruitUITestsLaunchTests.swift in Sources */ = {isa = PBXBuildFile; fileRef = 91333A3E27D6F56E001B6D7B /* FruitUITestsLaunchTests.swift */; };
/* End PBXBuildFile section */

/* Begin PBXContainerItemProxy section */
		91333A2F27D6F56E001B6D7B /* PBXContainerItemProxy */ = {
			isa = PBXContainerItemProxy;
			containerPortal = 91333A1627D6F56C001B6D7B /* Project object */;
			proxyType = 1;
			remoteGlobalIDString = 91333A1D27D6F56C001B6D7B;
			remoteInfo = Fruit;
		};
		91333A3927D6F56E001B6D7B /* PBXContainerItemProxy */ = {
			isa = PBXContainerItemProxy;
			containerPortal = 91333A1627D6F56C001B6D7B /* Project object */;
			proxyType = 1;
			remoteGlobalIDString = 91333A1D27D6F56C001B6D7B;
			remoteInfo = Fruit;
		};
/* End PBXContainerItemProxy section */

/* Begin PBXFileReference section */
		91333A1E27D6F56C001B6D7B /* Fruit.app */ = {isa = PBXFileReference; explicitFileType = wrapper.application; includeInIndex = 0; path = Fruit.app; sourceTree = BUILT_PRODUCTS_DIR; };
		91333A2127D6F56C001B6D7B /* FruitApp.swift */ = {isa = PBXFileReference; lastKnownFileType = sourcecode.swift; path = FruitApp.swift; sourceTree = "<group>"; };
		91333A2327D6F56C001B6D7B /* ContentView.swift */ = {isa = PBXFileReference; lastKnownFileType = sourcecode.swift; path = ContentView.swift; sourceTree = "<group>"; };
		91333A2527D6F56E001B6D7B /* Assets.xcassets */ = {isa = PBXFileReference; lastKnownFileType = folder.assetcatalog; path = Assets.xcassets; sourceTree = "<group>"; };
		91333A2827D6F56E001B6D7B /* Preview Assets.xcassets */ = {isa = PBXFileReference; lastKnownFileType = folder.assetcatalog; path = "Preview Assets.xcassets"; sourceTree = "<group>"; };
		91333A2E27D6F56E001B6D7B /* FruitTests.xctest */ = {isa = PBXFileReference; explicitFileType = wrapper.cfbundle; includeInIndex = 0; path = FruitTests.xctest; sourceTree = BUILT_PRODUCTS_DIR; };
		91333A3227D6F56E001B6D7B /* FruitTests.swift */ = {isa = PBXFileReference; lastKnownFileType = sourcecode.swift; path = FruitTests.swift; sourceTree = "<group>"; };
		91333A3827D6F56E001B6D7B /* FruitUITests.xctest */ = {isa = PBXFileReference; explicitFileType = wrapper.cfbundle; includeInIndex = 0; path = FruitUITests.xctest; sourceTree = BUILT_PRODUCTS_DIR; };
		91333A3C27D6F56E001B6D7B /* FruitUITests.swift */ = {isa = PBXFileReference; lastKnownFileType = sourcecode.swift; path = FruitUITests.swift; sourceTree = "<group>"; };
		91333A3E27D6F56E001B6D7B /* FruitUITestsLaunchTests.swift */ = {isa = PBXFileReference; lastKnownFileType = sourcecode.swift; path = FruitUITestsLaunchTests.swift; sourceTree = "<group>"; };
/* End PBXFileReference section */

/* Begin PBXFrameworksBuildPhase section */
		91333A1B27D6F56C001B6D7B /* Frameworks */ = {
			isa = PBXFrameworksBuildPhase;
			buildActionMask = 2147483647;
			files = (
			);
			runOnlyForDeploymentPostprocessing = 0;
		};
		91333A2B27D6F56E001B6D7B /* Frameworks */ = {
			isa = PBXFrameworksBuildPhase;
			buildActionMask = 2147483647;
			files = (
			);
			runOnlyForDeploymentPostprocessing = 0;
		};
		91333A3527D6F56E001B6D7B /* Frameworks */ = {
			isa = PBXFrameworksBuildPhase;
			buildActionMask = 2147483647;
			files = (
			);
			runOnlyForDeploymentPostprocessing = 0;
		};
/* End PBXFrameworksBuildPhase section */

/* Begin PBXGroup section */
		91333A1527D6F56C001B6D7B = {
			isa = PBXGroup;
			children = (
				91333A2027D6F56C001B6D7B /* Fruit */,
				91333A3127D6F56E001B6D7B /* FruitTests */,
				91333A3B27D6F56E001B6D7B /* FruitUITests */,
				91333A1F27D6F56C001B6D7B /* Products */,
			);
			sourceTree = "<group>";
		};
		91333A1F27D6F56C001B6D7B /* Products */ = {
			isa = PBXGroup;
			children = (
				91333A1E27D6F56C001B6D7B /* Fruit.app */,
				91333A2E27D6F56E001B6D7B /* FruitTests.xctest */,
				91333A3827D6F56E001B6D7B /* FruitUITests.xctest */,
			);
			name = Products;
			sourceTree = "<group>";
		};
		91333A2027D6F56C001B6D7B /* Fruit */ = {
			isa = PBXGroup;
			children = (
				91333A2127D6F56C001B6D7B /* FruitApp.swift */,
				91333A2327D6F56C001B6D7B /* ContentView.swift */,
				91333A2527D6F56E001B6D7B /* Assets.xcassets */,
				91333A2727D6F56E001B6D7B /* Preview Content */,
			);
			path = Fruit;
			sourceTree = "<group>";
		};
		91333A2727D6F56E001B6D7B /* Preview Content */ = {
			isa = PBXGroup;
			children = (
				91333A2827D6F56E001B6D7B /* Preview Assets.xcassets */,
			);
			path = "Preview Content";
			sourceTree = "<group>";
		};
		91333A3127D6F56E001B6D7B /* FruitTests */ = {
			isa = PBXGroup;
			children = (
				91333A3227D6F56E001B6D7B /* FruitTests.swift */,
			);
			path = FruitTests;
			sourceTree = "<group>";
		};
		91333A3B27D6F56E001B6D7B /* FruitUITests */ = {
			isa = PBXGroup;
			children = (
				91333A3C27D6F56E001B6D7B /* FruitUITests.swift */,
				91333A3E27D6F56E001B6D7B /* FruitUITestsLaunchTests.swift */,
			);
			path = FruitUITests;
			sourceTree = "<group>";
		};
/* End PBXGroup section */

/* Begin PBXNativeTarget section */
		91333A1D27D6F56C001B6D7B /* Fruit */ = {
			isa = PBXNativeTarget;
			buildConfigurationList = 91333A4227D6F56E001B6D7B /* Build configuration list for PBXNativeTarget "Fruit" */;
			buildPhases = (
				91333A1A27D6F56C001B6D7B /* Sources */,
				91333A1B27D6F56C001B6D7B /* Frameworks */,
				91333A1C27D6F56C001B6D7B /* Resources */,
			);
			buildRules = (
			);
			dependencies = (
			);
			name = Fruit;
			productName = Fruit;
			productReference = 91333A1E27D6F56C001B6D7B /* Fruit.app */;
			productType = "com.apple.product-type.application";
		};
		91333A2D27D6F56E001B6D7B /* FruitTests */ = {
			isa = PBXNativeTarget;
			buildConfigurationList = 91333A4527D6F56E001B6D7B /* Build configuration list for PBXNativeTarget "FruitTests" */;
			buildPhases = (
				91333A2A27D6F56E001B6D7B /* Sources */,
				91333A2B27D6F56E001B6D7B /* Frameworks */,
				91333A2C27D6F56E001B6D7B /* Resources */,
			);
			buildRules = (
			);
			dependencies = (
				91333A3027D6F56E001B6D7B /* PBXTargetDependency */,
			);
			name = FruitTests;
			productName = FruitTests;
			productReference = 91333A2E27D6F56E001B6D7B /* FruitTests.xctest */;
			productType = "com.apple.product-type.bundle.unit-test";
		};
		91333A3727D6F56E001B6D7B /* FruitUITests */ = {
			isa = PBXNativeTarget;
			buildConfigurationList = 91333A4827D6F56E001B6D7B /* Build configuration list for PBXNativeTarget "FruitUITests" */;
			buildPhases = (
				91333A3427D6F56E001B6D7B /* Sources */,
				91333A3527D6F56E001B6D7B /* Frameworks */,
				91333A3627D6F56E001B6D7B /* Resources */,
			);
			buildRules = (
			);
			dependencies = (
				91333A3A27D6F56E001B6D7B /* PBXTargetDependency */,
			);
			name = FruitUITests;
			productName = FruitUITests;
			productReference = 91333A3827D6F56E001B6D7B /* FruitUITests.xctest */;
			productType = "com.apple.product-type.bundle.ui-testing";
		};
/* End PBXNativeTarget section */

/* Begin PBXProject section */
		91333A1627D6F56C001B6D7B /* Project object */ = {
			isa = PBXProject;
			attributes = {
				BuildIndependentTargetsInParallel = 1;
				LastSwiftUpdateCheck = 1320;
				LastUpgradeCheck = 1320;
				TargetAttributes = {
					91333A1D27D6F56C001B6D7B = {
						CreatedOnToolsVersion = 13.2.1;
					};
					91333A2D27D6F56E001B6D7B = {
						CreatedOnToolsVersion = 13.2.1;
						TestTargetID = 91333A1D27D6F56C001B6D7B;
					};
					91333A3727D6F56E001B6D7B = {
						CreatedOnToolsVersion = 13.2.1;
						TestTargetID = 91333A1D27D6F56C001B6D7B;
					};
				};
			};
			buildConfigurationList = 91333A1927D6F56C001B6D7B /* Build configuration list for PBXProject "Fruit" */;
			compatibilityVersion = "Xcode 13.0";
			developmentRegion = en;
			hasScannedForEncodings = 0;
			knownRegions = (
				en,
				Base,
			);
			mainGroup = 91333A1527D6F56C001B6D7B;
			productRefGroup = 91333A1F27D6F56C001B6D7B /* Products */;
			projectDirPath = "";
			projectRoot = "";
			targets = (
				91333A1D27D6F56C001B6D7B /* Fruit */,
				91333A2D27D6F56E001B6D7B /* FruitTests */,
				91333A3727D6F56E001B6D7B /* FruitUITests */,
			);
		};
/* End PBXProject section */

/* Begin PBXResourcesBuildPhase section */
		91333A1C27D6F56C001B6D7B /* Resources */ = {
			isa = PBXResourcesBuildPhase;
			buildActionMask = 2147483647;
			files = (
				91333A2927D6F56E001B6D7B /* Preview Assets.xcassets in Resources */,
				91333A2627D6F56E001B6D7B /* Assets.xcassets in Resources */,
			);
			runOnlyForDeploymentPostprocessing = 0;
		};
		91333A2C27D6F56E001B6D7B /* Resources */ = {
			isa = PBXResourcesBuildPhase;
			buildActionMask = 2147483647;
			files = (
			);
			runOnlyForDeploymentPostprocessing = 0;
		};
		91333A3627D6F56E001B6D7B /* Resources */ = {
			isa = PBXResourcesBuildPhase;
			buildActionMask = 2147483647;
			files = (
			);
			runOnlyForDeploymentPostprocessing = 0;
		};
/* End PBXResourcesBuildPhase section */

/* Begin PBXSourcesBuildPhase section */
		91333A1A27D6F56C001B6D7B /* Sources */ = {
			isa = PBXSourcesBuildPhase;
			buildActionMask = 2147483647;
			files = (
				91333A2427D6F56C001B6D7B /* ContentView.swift in Sources */,
				91333A2227D6F56C001B6D7B /* FruitApp.swift in Sources */,
			);
			runOnlyForDeploymentPostprocessing = 0;
		};
		91333A2A27D6F56E001B6D7B /* Sources */ = {
			isa = PBXSourcesBuildPhase;
			buildActionMask = 2147483647;
			files = (
				91333A3327D6F56E001B6D7B /* FruitTests.swift in Sources */,
			);
			runOnlyForDeploymentPostprocessing = 0;
		};
		91333A3427D6F56E001B6D7B /* Sources */ = {
			isa = PBXSourcesBuildPhase;
			buildActionMask = 2147483647;
			files = (
				91333A3D27D6F56E001B6D7B /* FruitUITests.swift in Sources */,
				91333A3F27D6F56E001B6D7B /* FruitUITestsLaunchTests.swift in Sources */,
			);
			runOnlyForDeploymentPostprocessing = 0;
		};
/* End PBXSourcesBuildPhase section */

/* Begin PBXTargetDependency section */
		91333A3027D6F56E001B6D7B /* PBXTargetDependency */ = {
			isa = PBXTargetDependency;
			target = 91333A1D27D6F56C001B6D7B /* Fruit */;
			targetProxy = 91333A2F27D6F56E001B6D7B /* PBXContainerItemProxy */;
		};
		91333A3A27D6F56E001B6D7B /* PBXTargetDependency */ = {
			isa = PBXTargetDependency;
			target = 91333A1D27D6F56C001B6D7B /* Fruit */;
			targetProxy = 91333A3927D6F56E001B6D7B /* PBXContainerItemProxy */;
		};
/* End PBXTargetDependency section */

/* Begin XCBuildConfiguration section */
		91333A4027D6F56E001B6D7B /* Debug */ = {
			isa = XCBuildConfiguration;
			buildSettings = {
				ALWAYS_SEARCH_USER_PATHS = NO;
				CLANG_ANALYZER_NONNULL = YES;
				CLANG_ANALYZER_NUMBER_OBJECT_CONVERSION = YES_AGGRESSIVE;
				CLANG_CXX_LANGUAGE_STANDARD = "gnu++17";
				CLANG_CXX_LIBRARY = "libc++";
				CLANG_ENABLE_MODULES = YES;
				CLANG_ENABLE_OBJC_ARC = YES;
				CLANG_ENABLE_OBJC_WEAK = YES;
				CLANG_WARN_BLOCK_CAPTURE_AUTORELEASING = YES;
				CLANG_WARN_BOOL_CONVERSION = YES;
				CLANG_WARN_COMMA = YES;
				CLANG_WARN_CONSTANT_CONVERSION = YES;
				CLANG_WARN_DEPRECATED_OBJC_IMPLEMENTATIONS = YES;
				CLANG_WARN_DIRECT_OBJC_ISA_USAGE = YES_ERROR;
				CLANG_WARN_DOCUMENTATION_COMMENTS = YES;
				CLANG_WARN_EMPTY_BODY = YES;
				CLANG_WARN_ENUM_CONVERSION = YES;
				CLANG_WARN_INFINITE_RECURSION = YES;
				CLANG_WARN_INT_CONVERSION = YES;
				CLANG_WARN_NON_LITERAL_NULL_CONVERSION = YES;
				CLANG_WARN_OBJC_IMPLICIT_RETAIN_SELF = YES;
				CLANG_WARN_OBJC_LITERAL_CONVERSION = YES;
				CLANG_WARN_OBJC_ROOT_CLASS = YES_ERROR;
				CLANG_WARN_QUOTED_INCLUDE_IN_FRAMEWORK_HEADER = YES;
				CLANG_WARN_RANGE_LOOP_ANALYSIS = YES;
				CLANG_WARN_STRICT_PROTOTYPES = YES;
				CLANG_WARN_SUSPICIOUS_MOVE = YES;
				CLANG_WARN_UNGUARDED_AVAILABILITY = YES_AGGRESSIVE;
				CLANG_WARN_UNREACHABLE_CODE = YES;
				CLANG_WARN__DUPLICATE_METHOD_MATCH = YES;
				COPY_PHASE_STRIP = NO;
				DEBUG_INFORMATION_FORMAT = dwarf;
				ENABLE_STRICT_OBJC_MSGSEND = YES;
				ENABLE_TESTABILITY = YES;
				GCC_C_LANGUAGE_STANDARD = gnu11;
				GCC_DYNAMIC_NO_PIC = NO;
				GCC_NO_COMMON_BLOCKS = YES;
				GCC_OPTIMIZATION_LEVEL = 0;
				GCC_PREPROCESSOR_DEFINITIONS = (
					"DEBUG=1",
					"$(inherited)",
				);
				GCC_WARN_64_TO_32_BIT_CONVERSION = YES;
				GCC_WARN_ABOUT_RETURN_TYPE = YES_ERROR;
				GCC_WARN_UNDECLARED_SELECTOR = YES;
				GCC_WARN_UNINITIALIZED_AUTOS = YES_AGGRESSIVE;
				GCC_WARN_UNUSED_FUNCTION = YES;
				GCC_WARN_UNUSED_VARIABLE = YES;
				IPHONEOS_DEPLOYMENT_TARGET = 15.2;
				MTL_ENABLE_DEBUG_INFO = INCLUDE_SOURCE;
				MTL_FAST_MATH = YES;
				ONLY_ACTIVE_ARCH = YES;
				SDKROOT = iphoneos;
				SWIFT_ACTIVE_COMPILATION_CONDITIONS = DEBUG;
				SWIFT_OPTIMIZATION_LEVEL = "-Onone";
			};
			name = Debug;
		};
		91333A4127D6F56E001B6D7B /* Release */ = {
			isa = XCBuildConfiguration;
			buildSettings = {
				ALWAYS_SEARCH_USER_PATHS = NO;
				CLANG_ANALYZER_NONNULL = YES;
				CLANG_ANALYZER_NUMBER_OBJECT_CONVERSION = YES_AGGRESSIVE;
				CLANG_CXX_LANGUAGE_STANDARD = "gnu++17";
				CLANG_CXX_LIBRARY = "libc++";
				CLANG_ENABLE_MODULES = YES;
				CLANG_ENABLE_OBJC_ARC = YES;
				CLANG_ENABLE_OBJC_WEAK = YES;
				CLANG_WARN_BLOCK_CAPTURE_AUTORELEASING = YES;
				CLANG_WARN_BOOL_CONVERSION = YES;
				CLANG_WARN_COMMA = YES;
				CLANG_WARN_CONSTANT_CONVERSION = YES;
				CLANG_WARN_DEPRECATED_OBJC_IMPLEMENTATIONS = YES;
				CLANG_WARN_DIRECT_OBJC_ISA_USAGE = YES_ERROR;
				CLANG_WARN_DOCUMENTATION_COMMENTS = YES;
				CLANG_WARN_EMPTY_BODY = YES;
				CLANG_WARN_ENUM_CONVERSION = YES;
				CLANG_WARN_INFINITE_RECURSION = YES;
				CLANG_WARN_INT_CONVERSION = YES;
				CLANG_WARN_NON_LITERAL_NULL_CONVERSION = YES;
				CLANG_WARN_OBJC_IMPLICIT_RETAIN_SELF = YES;
				CLANG_WARN_OBJC_LITERAL_CONVERSION = YES;
				CLANG_WARN_OBJC_ROOT_CLASS = YES_ERROR;
				CLANG_WARN_QUOTED_INCLUDE_IN_FRAMEWORK_HEADER = YES;
				CLANG_WARN_RANGE_LOOP_ANALYSIS = YES;
				CLANG_WARN_STRICT_PROTOTYPES = YES;
				CLANG_WARN_SUSPICIOUS_MOVE = YES;
				CLANG_WARN_UNGUARDED_AVAILABILITY = YES_AGGRESSIVE;
				CLANG_WARN_UNREACHABLE_CODE = YES;
				CLANG_WARN__DUPLICATE_METHOD_MATCH = YES;
				COPY_PHASE_STRIP = NO;
				DEBUG_INFORMATION_FORMAT = "dwarf-with-dsym";
				ENABLE_NS_ASSERTIONS = NO;
				ENABLE_STRICT_OBJC_MSGSEND = YES;
				GCC_C_LANGUAGE_STANDARD = gnu11;
				GCC_NO_COMMON_BLOCKS = YES;
				GCC_WARN_64_TO_32_BIT_CONVERSION = YES;
				GCC_WARN_ABOUT_RETURN_TYPE = YES_ERROR;
				GCC_WARN_UNDECLARED_SELECTOR = YES;
				GCC_WARN_UNINITIALIZED_AUTOS = YES_AGGRESSIVE;
				GCC_WARN_UNUSED_FUNCTION = YES;
				GCC_WARN_UNUSED_VARIABLE = YES;
				IPHONEOS_DEPLOYMENT_TARGET = 15.2;
				MTL_ENABLE_DEBUG_INFO = NO;
				MTL_FAST_MATH = YES;
				SDKROOT = iphoneos;
				SWIFT_COMPILATION_MODE = wholemodule;
				SWIFT_OPTIMIZATION_LEVEL = "-O";
				VALIDATE_PRODUCT = YES;
			};
			name = Release;
		};
		91333A4327D6F56E001B6D7B /* Debug */ = {
			isa = XCBuildConfiguration;
			buildSettings = {
				ASSETCATALOG_COMPILER_APPICON_NAME = AppIcon;
				ASSETCATALOG_COMPILER_GLOBAL_ACCENT_COLOR_NAME = AccentColor;
				CODE_SIGN_STYLE = Automatic;
				CURRENT_PROJECT_VERSION = 1;
				DEVELOPMENT_ASSET_PATHS = "\"Fruit/Preview Content\"";
				DEVELOPMENT_TEAM = 65VB6469VL;
				ENABLE_PREVIEWS = YES;
				GENERATE_INFOPLIST_FILE = YES;
				INFOPLIST_KEY_UIApplicationSceneManifest_Generation = YES;
				INFOPLIST_KEY_UIApplicationSupportsIndirectInputEvents = YES;
				INFOPLIST_KEY_UILaunchScreen_Generation = YES;
				INFOPLIST_KEY_UISupportedInterfaceOrientations_iPad = "UIInterfaceOrientationPortrait UIInterfaceOrientationPortraitUpsideDown UIInterfaceOrientationLandscapeLeft UIInterfaceOrientationLandscapeRight";
				INFOPLIST_KEY_UISupportedInterfaceOrientations_iPhone = "UIInterfaceOrientationPortrait UIInterfaceOrientationLandscapeLeft UIInterfaceOrientationLandscapeRight";
				LD_RUNPATH_SEARCH_PATHS = (
					"$(inherited)",
					"@executable_path/Frameworks",
				);
				MARKETING_VERSION = 1.0;
				PRODUCT_BUNDLE_IDENTIFIER = com.Coco.Fruit;
				PRODUCT_NAME = "$(TARGET_NAME)";
				SWIFT_EMIT_LOC_STRINGS = YES;
				SWIFT_VERSION = 5.0;
				TARGETED_DEVICE_FAMILY = "1,2";
			};
			name = Debug;
		};
		91333A4427D6F56E001B6D7B /* Release */ = {
			isa = XCBuildConfiguration;
			buildSettings = {
				ASSETCATALOG_COMPILER_APPICON_NAME = AppIcon;
				ASSETCATALOG_COMPILER_GLOBAL_ACCENT_COLOR_NAME = AccentColor;
				CODE_SIGN_STYLE = Automatic;
				CURRENT_PROJECT_VERSION = 1;
				DEVELOPMENT_ASSET_PATHS = "\"Fruit/Preview Content\"";
				DEVELOPMENT_TEAM = 65VB6469VL;
				ENABLE_PREVIEWS = YES;
				GENERATE_INFOPLIST_FILE = YES;
				INFOPLIST_KEY_UIApplicationSceneManifest_Generation = YES;
				INFOPLIST_KEY_UIApplicationSupportsIndirectInputEvents = YES;
				INFOPLIST_KEY_UILaunchScreen_Generation = YES;
				INFOPLIST_KEY_UISupportedInterfaceOrientations_iPad = "UIInterfaceOrientationPortrait UIInterfaceOrientationPortraitUpsideDown UIInterfaceOrientationLandscapeLeft UIInterfaceOrientationLandscapeRight";
				INFOPLIST_KEY_UISupportedInterfaceOrientations_iPhone = "UIInterfaceOrientationPortrait UIInterfaceOrientationLandscapeLeft UIInterfaceOrientationLandscapeRight";
				LD_RUNPATH_SEARCH_PATHS = (
					"$(inherited)",
					"@executable_path/Frameworks",
				);
				MARKETING_VERSION = 1.0;
				PRODUCT_BUNDLE_IDENTIFIER = com.Coco.Fruit;
				PRODUCT_NAME = "$(TARGET_NAME)";
				SWIFT_EMIT_LOC_STRINGS = YES;
				SWIFT_VERSION = 5.0;
				TARGETED_DEVICE_FAMILY = "1,2";
			};
			name = Release;
		};
		91333A4627D6F56E001B6D7B /* Debug */ = {
			isa = XCBuildConfiguration;
			buildSettings = {
				ALWAYS_EMBED_SWIFT_STANDARD_LIBRARIES = YES;
				BUNDLE_LOADER = "$(TEST_HOST)";
				CODE_SIGN_STYLE = Automatic;
				CURRENT_PROJECT_VERSION = 1;
				DEVELOPMENT_TEAM = 65VB6469VL;
				GENERATE_INFOPLIST_FILE = YES;
				IPHONEOS_DEPLOYMENT_TARGET = 15.2;
				MARKETING_VERSION = 1.0;
				PRODUCT_BUNDLE_IDENTIFIER = com.Coco.FruitTests;
				PRODUCT_NAME = "$(TARGET_NAME)";
				SWIFT_EMIT_LOC_STRINGS = NO;
				SWIFT_VERSION = 5.0;
				TARGETED_DEVICE_FAMILY = "1,2";
				TEST_HOST = "$(BUILT_PRODUCTS_DIR)/Fruit.app/Fruit";
			};
			name = Debug;
		};
		91333A4727D6F56E001B6D7B /* Release */ = {
			isa = XCBuildConfiguration;
			buildSettings = {
				ALWAYS_EMBED_SWIFT_STANDARD_LIBRARIES = YES;
				BUNDLE_LOADER = "$(TEST_HOST)";
				CODE_SIGN_STYLE = Automatic;
				CURRENT_PROJECT_VERSION = 1;
				DEVELOPMENT_TEAM = 65VB6469VL;
				GENERATE_INFOPLIST_FILE = YES;
				IPHONEOS_DEPLOYMENT_TARGET = 15.2;
				MARKETING_VERSION = 1.0;
				PRODUCT_BUNDLE_IDENTIFIER = com.Coco.FruitTests;
				PRODUCT_NAME = "$(TARGET_NAME)";
				SWIFT_EMIT_LOC_STRINGS = NO;
				SWIFT_VERSION = 5.0;
				TARGETED_DEVICE_FAMILY = "1,2";
				TEST_HOST = "$(BUILT_PRODUCTS_DIR)/Fruit.app/Fruit";
			};
			name = Release;
		};
		91333A4927D6F56E001B6D7B /* Debug */ = {
			isa = XCBuildConfiguration;
			buildSettings = {
				ALWAYS_EMBED_SWIFT_STANDARD_LIBRARIES = YES;
				CODE_SIGN_STYLE = Automatic;
				CURRENT_PROJECT_VERSION = 1;
				DEVELOPMENT_TEAM = 65VB6469VL;
				GENERATE_INFOPLIST_FILE = YES;
				MARKETING_VERSION = 1.0;
				PRODUCT_BUNDLE_IDENTIFIER = com.Coco.FruitUITests;
				PRODUCT_NAME = "$(TARGET_NAME)";
				SWIFT_EMIT_LOC_STRINGS = NO;
				SWIFT_VERSION = 5.0;
				TARGETED_DEVICE_FAMILY = "1,2";
				TEST_TARGET_NAME = Fruit;
			};
			name = Debug;
		};
		91333A4A27D6F56E001B6D7B /* Release */ = {
			isa = XCBuildConfiguration;
			buildSettings = {
				ALWAYS_EMBED_SWIFT_STANDARD_LIBRARIES = YES;
				CODE_SIGN_STYLE = Automatic;
				CURRENT_PROJECT_VERSION = 1;
				DEVELOPMENT_TEAM = 65VB6469VL;
				GENERATE_INFOPLIST_FILE = YES;
				MARKETING_VERSION = 1.0;
				PRODUCT_BUNDLE_IDENTIFIER = com.Coco.FruitUITests;
				PRODUCT_NAME = "$(TARGET_NAME)";
				SWIFT_EMIT_LOC_STRINGS = NO;
				SWIFT_VERSION = 5.0;
				TARGETED_DEVICE_FAMILY = "1,2";
				TEST_TARGET_NAME = Fruit;
			};
			name = Release;
		};
/* End XCBuildConfiguration section */

/* Begin XCConfigurationList section */
		91333A1927D6F56C001B6D7B /* Build configuration list for PBXProject "Fruit" */ = {
			isa = XCConfigurationList;
			buildConfigurations = (
				91333A4027D6F56E001B6D7B /* Debug */,
				91333A4127D6F56E001B6D7B /* Release */,
			);
			defaultConfigurationIsVisible = 0;
			defaultConfigurationName = Release;
		};
		91333A4227D6F56E001B6D7B /* Build configuration list for PBXNativeTarget "Fruit" */ = {
			isa = XCConfigurationList;
			buildConfigurations = (
				91333A4327D6F56E001B6D7B /* Debug */,
				91333A4427D6F56E001B6D7B /* Release */,
			);
			defaultConfigurationIsVisible = 0;
			defaultConfigurationName = Release;
		};
		91333A4527D6F56E001B6D7B /* Build configuration list for PBXNativeTarget "FruitTests" */ = {
			isa = XCConfigurationList;
			buildConfigurations = (
				91333A4627D6F56E001B6D7B /* Debug */,
				91333A4727D6F56E001B6D7B /* Release */,
			);
			defaultConfigurationIsVisible = 0;
			defaultConfigurationName = Release;
		};
		91333A4827D6F56E001B6D7B /* Build configuration list for PBXNativeTarget "FruitUITests" */ = {
			isa = XCConfigurationList;
			buildConfigurations = (
				91333A4927D6F56E001B6D7B /* Debug */,
				91333A4A27D6F56E001B6D7B /* Release */,
			);
			defaultConfigurationIsVisible = 0;
			defaultConfigurationName = Release;
		};
/* End XCConfigurationList section */
	};
	rootObject = 91333A1627D6F56C001B6D7B /* Project object */;
}
